
Microsoft Visual Studio Solution File, Format Version 12.00
# Visual Studio Version 17
VisualStudioVersion = 17.4.33103.184
MinimumVisualStudioVersion = 10.0.40219.1
Project("{FAE04EC0-301F-11D3-BF4B-00C04F79EFBC}") = "IncreaseNumberAPI", "IncreaseNumberAPI\IncreaseNumberAPI.csproj", "{62A1BE9E-EC60-4D9F-BDE6-55242F29DABC}"
EndProject
Global
	GlobalSection(SolutionConfigurationPlatforms) = preSolution
		Debug|Any CPU = Debug|Any CPU
		Release|Any CPU = Release|Any CPU
	EndGlobalSection
	GlobalSection(ProjectConfigurationPlatforms) = postSolution
		{62A1BE9E-EC60-4D9F-BDE6-55242F29DABC}.Debug|Any CPU.ActiveCfg = Debug|Any CPU
		{62A1BE9E-EC60-4D9F-BDE6-55242F29DABC}.Debug|Any CPU.Build.0 = Debug|Any CPU
		{62A1BE9E-EC60-4D9F-BDE6-55242F29DABC}.Release|Any CPU.ActiveCfg = Release|Any CPU
		{62A1BE9E-EC60-4D9F-BDE6-55242F29DABC}.Release|Any CPU.Build.0 = Release|Any CPU
	EndGlobalSection
	GlobalSection(SolutionProperties) = preSolution
		HideSolutionNode = FALSE
	EndGlobalSection
	GlobalSection(ExtensibilityGlobals) = postSolution
		SolutionGuid = {303094AA-300B-48CD-B854-4D14E3966947}
	EndGlobalSection
EndGlobal
